
Microsoft Visual Studio Solution File, Format Version 12.00
# Visual Studio 14
VisualStudioVersion = 14.0.24720.0
MinimumVisualStudioVersion = 10.0.40219.1
Project("{FAE04EC0-301F-11D3-BF4B-00C04F79EFBC}") = "lists", "lists\lists.csproj", "{4AF44C2A-DE47-4D84-A149-939F5DDB75B2}"
EndProject
Project("{FAE04EC0-301F-11D3-BF4B-00C04F79EFBC}") = "feb 9 practice 1", "feb 9 practice 1\feb 9 practice 1.csproj", "{6E8C5E8D-AFE0-41AA-80D8-FA028EA14CB8}"
EndProject
Project("{FAE04EC0-301F-11D3-BF4B-00C04F79EFBC}") = "feb 9 practice 2", "feb 9 practice 2\feb 9 practice 2.csproj", "{2D6E6F19-B32D-4B40-83CF-94B5397E860A}"
EndProject
Global
	GlobalSection(SolutionConfigurationPlatforms) = preSolution
		Debug|Any CPU = Debug|Any CPU
		Release|Any CPU = Release|Any CPU
	EndGlobalSection
	GlobalSection(ProjectConfigurationPlatforms) = postSolution
		{4AF44C2A-DE47-4D84-A149-939F5DDB75B2}.Debug|Any CPU.ActiveCfg = Debug|Any CPU
		{4AF44C2A-DE47-4D84-A149-939F5DDB75B2}.Debug|Any CPU.Build.0 = Debug|Any CPU
		{4AF44C2A-DE47-4D84-A149-939F5DDB75B2}.Release|Any CPU.ActiveCfg = Release|Any CPU
		{4AF44C2A-DE47-4D84-A149-939F5DDB75B2}.Release|Any CPU.Build.0 = Release|Any CPU
		{6E8C5E8D-AFE0-41AA-80D8-FA028EA14CB8}.Debug|Any CPU.ActiveCfg = Debug|Any CPU
		{6E8C5E8D-AFE0-41AA-80D8-FA028EA14CB8}.Debug|Any CPU.Build.0 = Debug|Any CPU
		{6E8C5E8D-AFE0-41AA-80D8-FA028EA14CB8}.Release|Any CPU.ActiveCfg = Release|Any CPU
		{6E8C5E8D-AFE0-41AA-80D8-FA028EA14CB8}.Release|Any CPU.Build.0 = Release|Any CPU
		{2D6E6F19-B32D-4B40-83CF-94B5397E860A}.Debug|Any CPU.ActiveCfg = Debug|Any CPU
		{2D6E6F19-B32D-4B40-83CF-94B5397E860A}.Debug|Any CPU.Build.0 = Debug|Any CPU
		{2D6E6F19-B32D-4B40-83CF-94B5397E860A}.Release|Any CPU.ActiveCfg = Release|Any CPU
		{2D6E6F19-B32D-4B40-83CF-94B5397E860A}.Release|Any CPU.Build.0 = Release|Any CPU
	EndGlobalSection
	GlobalSection(SolutionProperties) = preSolution
		HideSolutionNode = FALSE
	EndGlobalSection
EndGlobal
